
Microsoft Visual Studio Solution File, Format Version 12.00
# Visual Studio Version 17
VisualStudioVersion = 17.1.32421.90
MinimumVisualStudioVersion = 10.0.40219.1
Project("{FAE04EC0-301F-11D3-BF4B-00C04F79EFBC}") = "EnumDependencies", "EnumDependencies\EnumDependencies.csproj", "{0D0001E5-8E75-4F62-971D-497B039F25BC}"
EndProject
Global
	GlobalSection(SolutionConfigurationPlatforms) = preSolution
		Debug|Any CPU = Debug|Any CPU
		Release|Any CPU = Release|Any CPU
	EndGlobalSection
	GlobalSection(ProjectConfigurationPlatforms) = postSolution
		{0D0001E5-8E75-4F62-971D-497B039F25BC}.Debug|Any CPU.ActiveCfg = Debug|Any CPU
		{0D0001E5-8E75-4F62-971D-497B039F25BC}.Debug|Any CPU.Build.0 = Debug|Any CPU
		{0D0001E5-8E75-4F62-971D-497B039F25BC}.Release|Any CPU.ActiveCfg = Release|Any CPU
		{0D0001E5-8E75-4F62-971D-497B039F25BC}.Release|Any CPU.Build.0 = Release|Any CPU
	EndGlobalSection
	GlobalSection(SolutionProperties) = preSolution
		HideSolutionNode = FALSE
	EndGlobalSection
	GlobalSection(ExtensibilityGlobals) = postSolution
		SolutionGuid = {8353D6A6-597D-4E96-98C4-5FCE2D7027AA}
	EndGlobalSection
EndGlobal
