
Microsoft Visual Studio Solution File, Format Version 12.00
# Visual Studio Version 17
VisualStudioVersion = 17.0.32126.317
MinimumVisualStudioVersion = 10.0.40219.1
Project("{FAE04EC0-301F-11D3-BF4B-00C04F79EFBC}") = "MousePositionHandleInfo", "MousePositionHandleInfo\MousePositionHandleInfo.csproj", "{8638C1B3-B261-4E11-8589-F05B056D0A1C}"
EndProject
Global
	GlobalSection(SolutionConfigurationPlatforms) = preSolution
		Debug|Any CPU = Debug|Any CPU
		Release|Any CPU = Release|Any CPU
	EndGlobalSection
	GlobalSection(ProjectConfigurationPlatforms) = postSolution
		{8638C1B3-B261-4E11-8589-F05B056D0A1C}.Debug|Any CPU.ActiveCfg = Debug|Any CPU
		{8638C1B3-B261-4E11-8589-F05B056D0A1C}.Debug|Any CPU.Build.0 = Debug|Any CPU
		{8638C1B3-B261-4E11-8589-F05B056D0A1C}.Release|Any CPU.ActiveCfg = Release|Any CPU
		{8638C1B3-B261-4E11-8589-F05B056D0A1C}.Release|Any CPU.Build.0 = Release|Any CPU
	EndGlobalSection
	GlobalSection(SolutionProperties) = preSolution
		HideSolutionNode = FALSE
	EndGlobalSection
	GlobalSection(ExtensibilityGlobals) = postSolution
		SolutionGuid = {68935329-D527-4DF1-89D3-247E625B1075}
	EndGlobalSection
EndGlobal
